dependencies:
  Carbon225/esp-perfmon:
    component_hash: 80baedb9571e8960f5f92031680fd65bc84032688fea13366771321316fe1477
    source:
      git: https://github.com/Carbon225/esp32-perfmon.git
      path: .
      type: git
    version: 913b5d1cd7399894baf554966c2f57257811e1b7
  idf:
    component_hash: null
    source:
      type: idf
    version: 5.1.4
  jgromes/RadioLib:
    component_hash: a5250de30ec5cb42954d27b6b7e08e35623f9e094042a0698b61d8c02740f689
    source:
      service_url: https://api.components.espressif.com/
      type: service
    version: 6.6.0
manifest_hash: 531ade6f05c321545e77d58504186687313512ae85fd296ddba8716ed547a7a5
target: esp32
version: 1.0.0
